// !$*UTF8*$!
{
	archiveVersion = 1;
	classes = {
	};
	objectVersion = 51;
	objects = {

/* Begin PBXBuildFile section */
		EA197D0AC50C6F2EAC1E4CAA /* Pods_MVCExample_2_4.framework in Frameworks */ = {isa = PBXBuildFile; fileRef = 90A2E95BACFB6F7C8CFC21A4 /* Pods_MVCExample_2_4.framework */; };
		F7131C75240EE0F200234FF0 /* AppDelegate.swift in Sources */ = {isa = PBXBuildFile; fileRef = F7131C74240EE0F200234FF0 /* AppDelegate.swift */; };
		F7131C77240EE0F200234FF0 /* SceneDelegate.swift in Sources */ = {isa = PBXBuildFile; fileRef = F7131C76240EE0F200234FF0 /* SceneDelegate.swift */; };
		F7131C79240EE0F200234FF0 /* ViewController.swift in Sources */ = {isa = PBXBuildFile; fileRef = F7131C78240EE0F200234FF0 /* ViewController.swift */; };
		F7131C7C240EE0F200234FF0 /* Main.storyboard in Resources */ = {isa = PBXBuildFile; fileRef = F7131C7A240EE0F200234FF0 /* Main.storyboard */; };
		F7131C7E240EE0F600234FF0 /* Assets.xcassets in Resources */ = {isa = PBXBuildFile; fileRef = F7131C7D240EE0F600234FF0 /* Assets.xcassets */; };
		F7131C81240EE0F600234FF0 /* LaunchScreen.storyboard in Resources */ = {isa = PBXBuildFile; fileRef = F7131C7F240EE0F600234FF0 /* LaunchScreen.storyboard */; };
		F7E5CF98240EEB2A00664D8B /* ToDoViewController.swift in Sources */ = {isa = PBXBuildFile; fileRef = F7E5CF97240EEB2A00664D8B /* ToDoViewController.swift */; };
/* End PBXBuildFile section */

/* Begin PBXFileReference section */
		90A2E95BACFB6F7C8CFC21A4 /* Pods_MVCExample_2_4.framework */ = {isa = PBXFileReference; explicitFileType = wrapper.framework; includeInIndex = 0; path = Pods_MVCExample_2_4.framework; sourceTree = BUILT_PRODUCTS_DIR; };
		BBDDF7B4CC8A76AD2013B0FB /* Pods-MVCExample_2_4.debug.xcconfig */ = {isa = PBXFileReference; includeInIndex = 1; lastKnownFileType = text.xcconfig; name = "Pods-MVCExample_2_4.debug.xcconfig"; path = "Target Support Files/Pods-MVCExample_2_4/Pods-MVCExample_2_4.debug.xcconfig"; sourceTree = "<group>"; };
		D2CF523DF2052E9D8C70F8C1 /* Pods-MVCExample_2_4.release.xcconfig */ = {isa = PBXFileReference; includeInIndex = 1; lastKnownFileType = text.xcconfig; name = "Pods-MVCExample_2_4.release.xcconfig"; path = "Target Support Files/Pods-MVCExample_2_4/Pods-MVCExample_2_4.release.xcconfig"; sourceTree = "<group>"; };
		F7131C71240EE0F200234FF0 /* MVCExample_2_4.app */ = {isa = PBXFileReference; explicitFileType = wrapper.application; includeInIndex = 0; path = MVCExample_2_4.app; sourceTree = BUILT_PRODUCTS_DIR; };
		F7131C74240EE0F200234FF0 /* AppDelegate.swift */ = {isa = PBXFileReference; lastKnownFileType = sourcecode.swift; path = AppDelegate.swift; sourceTree = "<group>"; };
		F7131C76240EE0F200234FF0 /* SceneDelegate.swift */ = {isa = PBXFileReference; lastKnownFileType = sourcecode.swift; path = SceneDelegate.swift; sourceTree = "<group>"; };
		F7131C78240EE0F200234FF0 /* ViewController.swift */ = {isa = PBXFileReference; lastKnownFileType = sourcecode.swift; path = ViewController.swift; sourceTree = "<group>"; };
		F7131C7B240EE0F200234FF0 /* Base */ = {isa = PBXFileReference; lastKnownFileType = file.storyboard; name = Base; path = Base.lproj/Main.storyboard; sourceTree = "<group>"; };
		F7131C7D240EE0F600234FF0 /* Assets.xcassets */ = {isa = PBXFileReference; lastKnownFileType = folder.assetcatalog; path = Assets.xcassets; sourceTree = "<group>"; };
		F7131C80240EE0F600234FF0 /* Base */ = {isa = PBXFileReference; lastKnownFileType = file.storyboard; name = Base; path = Base.lproj/LaunchScreen.storyboard; sourceTree = "<group>"; };
		F7131C82240EE0F600234FF0 /* Info.plist */ = {isa = PBXFileReference; lastKnownFileType = text.plist.xml; path = Info.plist; sourceTree = "<group>"; };
		F7E5CF97240EEB2A00664D8B /* ToDoViewController.swift */ = {isa = PBXFileReference; lastKnownFileType = sourcecode.swift; path = ToDoViewController.swift; sourceTree = "<group>"; };
/* End PBXFileReference section */

/* Begin PBXFrameworksBuildPhase section */
		F7131C6E240EE0F200234FF0 /* Frameworks */ = {
			isa = PBXFrameworksBuildPhase;
			buildActionMask = 2147483647;
			files = (
				EA197D0AC50C6F2EAC1E4CAA /* Pods_MVCExample_2_4.framework in Frameworks */,
			);
			runOnlyForDeploymentPostprocessing = 0;
		};
/* End PBXFrameworksBuildPhase section */

/* Begin PBXGroup section */
		71EDD315D2057DE9C9C46570 /* Pods */ = {
			isa = PBXGroup;
			children = (
				BBDDF7B4CC8A76AD2013B0FB /* Pods-MVCExample_2_4.debug.xcconfig */,
				D2CF523DF2052E9D8C70F8C1 /* Pods-MVCExample_2_4.release.xcconfig */,
			);
			path = Pods;
			sourceTree = "<group>";
		};
		B6BB4B7CC777AD0D9291E2A2 /* Frameworks */ = {
			isa = PBXGroup;
			children = (
				90A2E95BACFB6F7C8CFC21A4 /* Pods_MVCExample_2_4.framework */,
			);
			name = Frameworks;
			sourceTree = "<group>";
		};
		F7131C68240EE0F200234FF0 = {
			isa = PBXGroup;
			children = (
				F7131C73240EE0F200234FF0 /* MVCExample_2_4 */,
				F7131C72240EE0F200234FF0 /* Products */,
				71EDD315D2057DE9C9C46570 /* Pods */,
				B6BB4B7CC777AD0D9291E2A2 /* Frameworks */,
			);
			sourceTree = "<group>";
		};
		F7131C72240EE0F200234FF0 /* Products */ = {
			isa = PBXGroup;
			children = (
				F7131C71240EE0F200234FF0 /* MVCExample_2_4.app */,
			);
			name = Products;
			sourceTree = "<group>";
		};
		F7131C73240EE0F200234FF0 /* MVCExample_2_4 */ = {
			isa = PBXGroup;
			children = (
				F7131C74240EE0F200234FF0 /* AppDelegate.swift */,
				F7131C76240EE0F200234FF0 /* SceneDelegate.swift */,
				F7131C78240EE0F200234FF0 /* ViewController.swift */,
				F7E5CF97240EEB2A00664D8B /* ToDoViewController.swift */,
				F7131C7A240EE0F200234FF0 /* Main.storyboard */,
				F7131C7D240EE0F600234FF0 /* Assets.xcassets */,
				F7131C7F240EE0F600234FF0 /* LaunchScreen.storyboard */,
				F7131C82240EE0F600234FF0 /* Info.plist */,
			);
			path = MVCExample_2_4;
			sourceTree = "<group>";
		};
/* End PBXGroup section */

/* Begin PBXNativeTarget section */
		F7131C70240EE0F200234FF0 /* MVCExample_2_4 */ = {
			isa = PBXNativeTarget;
			buildConfigurationList = F7131C85240EE0F600234FF0 /* Build configuration list for PBXNativeTarget "MVCExample_2_4" */;
			buildPhases = (
				3A78347AF3333362BC7D33F3 /* [CP] Check Pods Manifest.lock */,
				F7131C6D240EE0F200234FF0 /* Sources */,
				F7131C6E240EE0F200234FF0 /* Frameworks */,
				F7131C6F240EE0F200234FF0 /* Resources */,
				C7BC3F41F2DF7BE465EF179C /* [CP] Embed Pods Frameworks */,
			);
			buildRules = (
			);
			dependencies = (
			);
			name = MVCExample_2_4;
			productName = MVCExample_2_4;
			productReference = F7131C71240EE0F200234FF0 /* MVCExample_2_4.app */;
			productType = "com.apple.product-type.application";
		};
/* End PBXNativeTarget section */

/* Begin PBXProject section */
		F7131C69240EE0F200234FF0 /* Project object */ = {
			isa = PBXProject;
			attributes = {
				LastSwiftUpdateCheck = 1130;
				LastUpgradeCheck = 1130;
				ORGANIZATIONNAME = LY;
				TargetAttributes = {
					F7131C70240EE0F200234FF0 = {
						CreatedOnToolsVersion = 11.3.1;
					};
				};
			};
			buildConfigurationList = F7131C6C240EE0F200234FF0 /* Build configuration list for PBXProject "MVCExample_2_4" */;
			compatibilityVersion = "Xcode 9.3";
			developmentRegion = en;
			hasScannedForEncodings = 0;
			knownRegions = (
				en,
				Base,
			);
			mainGroup = F7131C68240EE0F200234FF0;
			productRefGroup = F7131C72240EE0F200234FF0 /* Products */;
			projectDirPath = "";
			projectRoot = "";
			targets = (
				F7131C70240EE0F200234FF0 /* MVCExample_2_4 */,
			);
		};
/* End PBXProject section */

/* Begin PBXResourcesBuildPhase section */
		F7131C6F240EE0F200234FF0 /* Resources */ = {
			isa = PBXResourcesBuildPhase;
			buildActionMask = 2147483647;
			files = (
				F7131C81240EE0F600234FF0 /* LaunchScreen.storyboard in Resources */,
				F7131C7E240EE0F600234FF0 /* Assets.xcassets in Resources */,
				F7131C7C240EE0F200234FF0 /* Main.storyboard in Resources */,
			);
			runOnlyForDeploymentPostprocessing = 0;
		};
/* End PBXResourcesBuildPhase section */

/* Begin PBXShellScriptBuildPhase section */
		3A78347AF3333362BC7D33F3 /* [CP] Check Pods Manifest.lock */ = {
			isa = PBXShellScriptBuildPhase;
			buildActionMask = 2147483647;
			files = (
			);
			inputFileListPaths = (
			);
			inputPaths = (
				"${PODS_PODFILE_DIR_PATH}/Podfile.lock",
				"${PODS_ROOT}/Manifest.lock",
			);
			name = "[CP] Check Pods Manifest.lock";
			outputFileListPaths = (
			);
			outputPaths = (
				"$(DERIVED_FILE_DIR)/Pods-MVCExample_2_4-checkManifestLockResult.txt",
			);
			runOnlyForDeploymentPostprocessing = 0;
			shellPath = /bin/sh;
			shellScript = "diff \"${PODS_PODFILE_DIR_PATH}/Podfile.lock\" \"${PODS_ROOT}/Manifest.lock\" > /dev/null\nif [ $? != 0 ] ; then\n    # print error to STDERR\n    echo \"error: The sandbox is not in sync with the Podfile.lock. Run 'pod install' or update your CocoaPods installation.\" >&2\n    exit 1\nfi\n# This output is used by Xcode 'outputs' to avoid re-running this script phase.\necho \"SUCCESS\" > \"${SCRIPT_OUTPUT_FILE_0}\"\n";
			showEnvVarsInLog = 0;
		};
		C7BC3F41F2DF7BE465EF179C /* [CP] Embed Pods Frameworks */ = {
			isa = PBXShellScriptBuildPhase;
			buildActionMask = 2147483647;
			files = (
			);
			inputFileListPaths = (
				"${PODS_ROOT}/Target Support Files/Pods-MVCExample_2_4/Pods-MVCExample_2_4-frameworks-${CONFIGURATION}-input-files.xcfilelist",
			);
			name = "[CP] Embed Pods Frameworks";
			outputFileListPaths = (
				"${PODS_ROOT}/Target Support Files/Pods-MVCExample_2_4/Pods-MVCExample_2_4-frameworks-${CONFIGURATION}-output-files.xcfilelist",
			);
			runOnlyForDeploymentPostprocessing = 0;
			shellPath = /bin/sh;
			shellScript = "\"${PODS_ROOT}/Target Support Files/Pods-MVCExample_2_4/Pods-MVCExample_2_4-frameworks.sh\"\n";
			showEnvVarsInLog = 0;
		};
/* End PBXShellScriptBuildPhase section */

/* Begin PBXSourcesBuildPhase section */
		F7131C6D240EE0F200234FF0 /* Sources */ = {
			isa = PBXSourcesBuildPhase;
			buildActionMask = 2147483647;
			files = (
				F7E5CF98240EEB2A00664D8B /* ToDoViewController.swift in Sources */,
				F7131C79240EE0F200234FF0 /* ViewController.swift in Sources */,
				F7131C75240EE0F200234FF0 /* AppDelegate.swift in Sources */,
				F7131C77240EE0F200234FF0 /* SceneDelegate.swift in Sources */,
			);
			runOnlyForDeploymentPostprocessing = 0;
		};
/* End PBXSourcesBuildPhase section */

/* Begin PBXVariantGroup section */
		F7131C7A240EE0F200234FF0 /* Main.storyboard */ = {
			isa = PBXVariantGroup;
			children = (
				F7131C7B240EE0F200234FF0 /* Base */,
			);
			name = Main.storyboard;
			sourceTree = "<group>";
		};
		F7131C7F240EE0F600234FF0 /* LaunchScreen.storyboard */ = {
			isa = PBXVariantGroup;
			children = (
				F7131C80240EE0F600234FF0 /* Base */,
			);
			name = LaunchScreen.storyboard;
			sourceTree = "<group>";
		};
/* End PBXVariantGroup section */

/* Begin XCBuildConfiguration section */
		F7131C83240EE0F600234FF0 /* Debug */ = {
			isa = XCBuildConfiguration;
			buildSettings = {
				ALWAYS_SEARCH_USER_PATHS = NO;
				CLANG_ANALYZER_NONNULL = YES;
				CLANG_ANALYZER_NUMBER_OBJECT_CONVERSION = YES_AGGRESSIVE;
				CLANG_CXX_LANGUAGE_STANDARD = "gnu++14";
				CLANG_CXX_LIBRARY = "libc++";
				CLANG_ENABLE_MODULES = YES;
				CLANG_ENABLE_OBJC_ARC = YES;
				CLANG_ENABLE_OBJC_WEAK = YES;
				CLANG_WARN_BLOCK_CAPTURE_AUTORELEASING = YES;
				CLANG_WARN_BOOL_CONVERSION = YES;
				CLANG_WARN_COMMA = YES;
				CLANG_WARN_CONSTANT_CONVERSION = YES;
				CLANG_WARN_DEPRECATED_OBJC_IMPLEMENTATIONS = YES;
				CLANG_WARN_DIRECT_OBJC_ISA_USAGE = YES_ERROR;
				CLANG_WARN_DOCUMENTATION_COMMENTS = YES;
				CLANG_WARN_EMPTY_BODY = YES;
				CLANG_WARN_ENUM_CONVERSION = YES;
				CLANG_WARN_INFINITE_RECURSION = YES;
				CLANG_WARN_INT_CONVERSION = YES;
				CLANG_WARN_NON_LITERAL_NULL_CONVERSION = YES;
				CLANG_WARN_OBJC_IMPLICIT_RETAIN_SELF = YES;
				CLANG_WARN_OBJC_LITERAL_CONVERSION = YES;
				CLANG_WARN_OBJC_ROOT_CLASS = YES_ERROR;
				CLANG_WARN_RANGE_LOOP_ANALYSIS = YES;
				CLANG_WARN_STRICT_PROTOTYPES = YES;
				CLANG_WARN_SUSPICIOUS_MOVE = YES;
				CLANG_WARN_UNGUARDED_AVAILABILITY = YES_AGGRESSIVE;
				CLANG_WARN_UNREACHABLE_CODE = YES;
				CLANG_WARN__DUPLICATE_METHOD_MATCH = YES;
				COPY_PHASE_STRIP = NO;
				DEBUG_INFORMATION_FORMAT = dwarf;
				ENABLE_STRICT_OBJC_MSGSEND = YES;
				ENABLE_TESTABILITY = YES;
				GCC_C_LANGUAGE_STANDARD = gnu11;
				GCC_DYNAMIC_NO_PIC = NO;
				GCC_NO_COMMON_BLOCKS = YES;
				GCC_OPTIMIZATION_LEVEL = 0;
				GCC_PREPROCESSOR_DEFINITIONS = (
					"DEBUG=1",
					"$(inherited)",
				);
				GCC_WARN_64_TO_32_BIT_CONVERSION = YES;
				GCC_WARN_ABOUT_RETURN_TYPE = YES_ERROR;
				GCC_WARN_UNDECLARED_SELECTOR = YES;
				GCC_WARN_UNINITIALIZED_AUTOS = YES_AGGRESSIVE;
				GCC_WARN_UNUSED_FUNCTION = YES;
				GCC_WARN_UNUSED_VARIABLE = YES;
				IPHONEOS_DEPLOYMENT_TARGET = 13.2;
				MTL_ENABLE_DEBUG_INFO = INCLUDE_SOURCE;
				MTL_FAST_MATH = YES;
				ONLY_ACTIVE_ARCH = YES;
				SDKROOT = iphoneos;
				SWIFT_ACTIVE_COMPILATION_CONDITIONS = DEBUG;
				SWIFT_OPTIMIZATION_LEVEL = "-Onone";
			};
			name = Debug;
		};
		F7131C84240EE0F600234FF0 /* Release */ = {
			isa = XCBuildConfiguration;
			buildSettings = {
				ALWAYS_SEARCH_USER_PATHS = NO;
				CLANG_ANALYZER_NONNULL = YES;
				CLANG_ANALYZER_NUMBER_OBJECT_CONVERSION = YES_AGGRESSIVE;
				CLANG_CXX_LANGUAGE_STANDARD = "gnu++14";
				CLANG_CXX_LIBRARY = "libc++";
				CLANG_ENABLE_MODULES = YES;
				CLANG_ENABLE_OBJC_ARC = YES;
				CLANG_ENABLE_OBJC_WEAK = YES;
				CLANG_WARN_BLOCK_CAPTURE_AUTORELEASING = YES;
				CLANG_WARN_BOOL_CONVERSION = YES;
				CLANG_WARN_COMMA = YES;
				CLANG_WARN_CONSTANT_CONVERSION = YES;
				CLANG_WARN_DEPRECATED_OBJC_IMPLEMENTATIONS = YES;
				CLANG_WARN_DIRECT_OBJC_ISA_USAGE = YES_ERROR;
				CLANG_WARN_DOCUMENTATION_COMMENTS = YES;
				CLANG_WARN_EMPTY_BODY = YES;
				CLANG_WARN_ENUM_CONVERSION = YES;
				CLANG_WARN_INFINITE_RECURSION = YES;
				CLANG_WARN_INT_CONVERSION = YES;
				CLANG_WARN_NON_LITERAL_NULL_CONVERSION = YES;
				CLANG_WARN_OBJC_IMPLICIT_RETAIN_SELF = YES;
				CLANG_WARN_OBJC_LITERAL_CONVERSION = YES;
				CLANG_WARN_OBJC_ROOT_CLASS = YES_ERROR;
				CLANG_WARN_RANGE_LOOP_ANALYSIS = YES;
				CLANG_WARN_STRICT_PROTOTYPES = YES;
				CLANG_WARN_SUSPICIOUS_MOVE = YES;
				CLANG_WARN_UNGUARDED_AVAILABILITY = YES_AGGRESSIVE;
				CLANG_WARN_UNREACHABLE_CODE = YES;
				CLANG_WARN__DUPLICATE_METHOD_MATCH = YES;
				COPY_PHASE_STRIP = NO;
				DEBUG_INFORMATION_FORMAT = "dwarf-with-dsym";
				ENABLE_NS_ASSERTIONS = NO;
				ENABLE_STRICT_OBJC_MSGSEND = YES;
				GCC_C_LANGUAGE_STANDARD = gnu11;
				GCC_NO_COMMON_BLOCKS = YES;
				GCC_WARN_64_TO_32_BIT_CONVERSION = YES;
				GCC_WARN_ABOUT_RETURN_TYPE = YES_ERROR;
				GCC_WARN_UNDECLARED_SELECTOR = YES;
				GCC_WARN_UNINITIALIZED_AUTOS = YES_AGGRESSIVE;
				GCC_WARN_UNUSED_FUNCTION = YES;
				GCC_WARN_UNUSED_VARIABLE = YES;
				IPHONEOS_DEPLOYMENT_TARGET = 13.2;
				MTL_ENABLE_DEBUG_INFO = NO;
				MTL_FAST_MATH = YES;
				SDKROOT = iphoneos;
				SWIFT_COMPILATION_MODE = wholemodule;
				SWIFT_OPTIMIZATION_LEVEL = "-O";
				VALIDATE_PRODUCT = YES;
			};
			name = Release;
		};
		F7131C86240EE0F600234FF0 /* Debug */ = {
			isa = XCBuildConfiguration;
			baseConfigurationReference = BBDDF7B4CC8A76AD2013B0FB /* Pods-MVCExample_2_4.debug.xcconfig */;
			buildSettings = {
				ASSETCATALOG_COMPILER_APPICON_NAME = AppIcon;
				CODE_SIGN_STYLE = Automatic;
				INFOPLIST_FILE = MVCExample_2_4/Info.plist;
				LD_RUNPATH_SEARCH_PATHS = (
					"$(inherited)",
					"@executable_path/Frameworks",
				);
				PRODUCT_BUNDLE_IDENTIFIER = "LY.MVCExample-2-4";
				PRODUCT_NAME = "$(TARGET_NAME)";
				SWIFT_VERSION = 5.0;
				TARGETED_DEVICE_FAMILY = "1,2";
			};
			name = Debug;
		};
		F7131C87240EE0F600234FF0 /* Release */ = {
			isa = XCBuildConfiguration;
			baseConfigurationReference = D2CF523DF2052E9D8C70F8C1 /* Pods-MVCExample_2_4.release.xcconfig */;
			buildSettings = {
				ASSETCATALOG_COMPILER_APPICON_NAME = AppIcon;
				CODE_SIGN_STYLE = Automatic;
				INFOPLIST_FILE = MVCExample_2_4/Info.plist;
				LD_RUNPATH_SEARCH_PATHS = (
					"$(inherited)",
					"@executable_path/Frameworks",
				);
				PRODUCT_BUNDLE_IDENTIFIER = "LY.MVCExample-2-4";
				PRODUCT_NAME = "$(TARGET_NAME)";
				SWIFT_VERSION = 5.0;
				TARGETED_DEVICE_FAMILY = "1,2";
			};
			name = Release;
		};
/* End XCBuildConfiguration section */

/* Begin XCConfigurationList section */
		F7131C6C240EE0F200234FF0 /* Build configuration list for PBXProject "MVCExample_2_4" */ = {
			isa = XCConfigurationList;
			buildConfigurations = (
				F7131C83240EE0F600234FF0 /* Debug */,
				F7131C84240EE0F600234FF0 /* Release */,
			);
			defaultConfigurationIsVisible = 0;
			defaultConfigurationName = Release;
		};
		F7131C85240EE0F600234FF0 /* Build configuration list for PBXNativeTarget "MVCExample_2_4" */ = {
			isa = XCConfigurationList;
			buildConfigurations = (
				F7131C86240EE0F600234FF0 /* Debug */,
				F7131C87240EE0F600234FF0 /* Release */,
			);
			defaultConfigurationIsVisible = 0;
			defaultConfigurationName = Release;
		};
/* End XCConfigurationList section */
	};
	rootObject = F7131C69240EE0F200234FF0 /* Project object */;
}
